hash: c454f5e88b3968824d779330aac18b9ee85c744b9912e5b4d0534808b17b617d
updated: 2018-09-25T15:16:02.58806782-07:00
imports:
- name: github.com/beorn7/perks
  version: 3a771d992973f24aa725d07868b467d1ddfceafb
  subpackages:
  - quantile
- name: github.com/cpuguy83/go-md2man
  version: 691ee98543af2f262f35fbb54bdd42f00b9b9cc5
  subpackages:
  - md2man
- name: github.com/emicklei/proto
  version: 31ca1a37608053a92355be293b13f08fe25e526e
- name: github.com/fullstorydev/grpcurl
  version: 75759db6597e7005ab69d3c344eee234377d7cbd
- name: github.com/gogo/protobuf
  version: 636bf0302bc95575d69441b25a2603156ffdddf1
  subpackages:
  - jsonpb
  - proto
  - protoc-gen-gogoslick
  - sortkeys
  - types
- name: github.com/golang/protobuf
  version: 89a0c16f4dc2a70c0ed864d8ef64878f24fdaa51
  subpackages:
  - jsonpb
  - proto
  - protoc-gen-go
  - protoc-gen-go/descriptor
  - protoc-gen-go/plugin
  - ptypes
  - ptypes/any
  - ptypes/duration
  - ptypes/empty
  - ptypes/struct
  - ptypes/timestamp
  - ptypes/wrappers
- name: github.com/grpc-ecosystem/grpc-gateway
  version: 221ef342721da51038fa6fc3fbd4f0d190f9f6f7
  subpackages:
  - runtime
  - runtime/internal
  - utilities
- name: github.com/inconshreveable/mousetrap
  version: 76626ae9c91c4f2a10f34cad8ce83ea42c93bb75
- name: github.com/jhump/protoreflect
  version: 95c5cbbeaee7fe3c2b5ecf0a163144140dfb4d61
  subpackages:
  - desc
  - desc/internal
  - desc/protoparse
  - dynamic
  - dynamic/grpcdynamic
  - grpcreflect
  - internal
- name: github.com/matttproud/golang_protobuf_extensions
  version: c12348ce28de40eed0136aa2b644d0ee0650e56c
  subpackages:
  - pbutil
- name: github.com/mitchellh/go-wordwrap
  version: ad45545899c7b13c020ea92b2072220eefad42b8
- name: github.com/opentracing/opentracing-go
  version: 1949ddbfd147afd4d964a9f00b24eb291e0e7c38
  subpackages:
  - ext
  - log
- name: github.com/prometheus/client_golang
  version: c5b7fccd204277076155f10851dad72b76a49317
  subpackages:
  - prometheus
  - prometheus/promhttp
- name: github.com/prometheus/client_model
  version: 5c3871d89910bfb32f5fcab2aa4b9ec68e65a99f
  subpackages:
  - go
- name: github.com/prometheus/common
  version: c7de2306084e37d54b8be01f3541a8464345e9a5
  subpackages:
  - expfmt
  - internal/bitbucket.org/ww/goautoneg
  - model
- name: github.com/prometheus/procfs
  version: 05ee40e3a273f7245e8777337fc7b46e533a9a92
  subpackages:
  - internal/util
  - nfs
  - xfs
- name: github.com/russross/blackfriday
  version: 46c73eb196baff5bb07288f245b223bd1a30fba6
- name: github.com/spf13/cobra
  version: 7c4570c3ebeb8129a1f7456d0908a8b676b6f9f1
  subpackages:
  - doc
- name: github.com/spf13/pflag
  version: 3ebe029320b2676d667ae88da602a5f854788a8a
- name: github.com/uber-go/atomic
  version: 1ea20fb1cbb1cc08cbd0d913a96dead89aa18289
  subpackages:
  - utils
- name: github.com/uber-go/tally
  version: ff17f3c43c065c3c2991f571e740eee43ea3a14a
- name: github.com/uber/tchannel-go
  version: 7f5c12c66261f3ac3c5dde959d65eed59e3b63af
  subpackages:
  - internal/argreader
  - relay
  - tnet
  - tos
  - trand
  - typed
- name: go.uber.org/atomic
  version: 1ea20fb1cbb1cc08cbd0d913a96dead89aa18289
- name: go.uber.org/dig
  version: 27eb30e15ef3e7f67cd86f2b65c618e3e308c104
  subpackages:
  - internal/digreflect
  - internal/dot
- name: go.uber.org/fx
  version: b156a883a62423b7d9ab651d1689c42c4d788787
  subpackages:
  - internal/fxlog
  - internal/fxreflect
  - internal/lifecycle
- name: go.uber.org/multierr
  version: 3c4937480c32f4c13a875a1829af76c98ca3d40a
- name: go.uber.org/net/metrics
  version: 1e19de5b971489a45d178e12a0f72a78c70e300e
  subpackages:
  - bucket
  - push
  - tallypush
- name: go.uber.org/thriftrw
  version: c8eb6919acebb42254375c897469d986c91405ae
  subpackages:
  - version
- name: go.uber.org/yarpc
  version: 20c8964a19003c6a9b8fe86a1abfb836c9d342bf
  subpackages:
  - api/encoding
  - api/middleware
  - api/transport
  - encoding/protobuf
  - internal
  - internal/bufferpool
  - internal/digester
  - internal/errorsync
  - internal/humanize
  - internal/inboundmiddleware
  - internal/introspection
  - internal/observability
  - internal/outboundmiddleware
  - internal/request
  - pkg/encoding
  - pkg/errors
  - pkg/lifecycle
  - pkg/procedure
  - yarpcerrors
- name: go.uber.org/zap
  version: ff33455a0e382e8a81d14dd7c922020b6b5e7982
  subpackages:
  - buffer
  - internal/bufferpool
  - internal/color
  - internal/exit
  - zapcore
- name: golang.org/x/net
  version: 8a410e7b638dca158bf9e766925842f6651ff828
  subpackages:
  - bpf
  - context
  - http/httpguts
  - http2
  - http2/hpack
  - idna
  - internal/iana
  - internal/socket
  - internal/timeseries
  - ipv4
  - ipv6
  - trace
- name: golang.org/x/sys
  version: 34b17bdb430002e9db9ae7ddc8480b9fa05edc22
  repo: https://github.com/golang/sys
  subpackages:
  - unix
- name: golang.org/x/text
  version: cb6730876b985e110843c1842a7a63a63677cf08
  subpackages:
  - secure/bidirule
  - transform
  - unicode/bidi
  - unicode/norm
- name: google.golang.org/genproto
  version: daca94659cb50e9f37c1b834680f2e46358f10b0
  subpackages:
  - googleapis/api/annotations
  - googleapis/rpc/status
  - protobuf/api
  - protobuf/field_mask
  - protobuf/ptype
  - protobuf/source_context
- name: google.golang.org/grpc
  version: e00d24941bcee35dd163f4377d5371349f14baaf
  repo: https://github.com/grpc/grpc-go
  subpackages:
  - balancer
  - balancer/base
  - balancer/roundrobin
  - codes
  - connectivity
  - credentials
  - encoding
  - encoding/proto
  - grpclog
  - internal
  - internal/backoff
  - internal/channelz
  - internal/envconfig
  - internal/grpcrand
  - internal/transport
  - keepalive
  - metadata
  - naming
  - peer
  - reflection/grpc_reflection_v1alpha
  - resolver
  - resolver/dns
  - resolver/passthrough
  - stats
  - status
  - tap
- name: gopkg.in/yaml.v2
  version: 5420a8b6744d3b0345ab293f6fcba19c978f1183
testImports:
- name: github.com/davecgh/go-spew
  version: 8991bc29aa16c548c550c7ff78260e27b9ab7c73
  subpackages:
  - spew
- name: github.com/ghodss/yaml
  version: e9ed3c6dfb39bb1a32197cb10d527906fe4da4b6
- name: github.com/golang/glog
  version: 23def4e6c14b4da8ac2ed8007337bc5eb5007998
- name: github.com/golang/lint
  version: 06c8688daad7faa9da5a0c2f163a3d14aac986ca
  subpackages:
  - golint
- name: github.com/kisielk/errcheck
  version: e96dacdb078a5166c20b48dd667fb26d2ce0379f
- name: github.com/kisielk/gotool
  version: 80517062f582ea3340cd4baf70e86d539ae7d84d
- name: github.com/pmezard/go-difflib
  version: 792786c7400a136282c1664665ae0a8db921c6c2
  subpackages:
  - difflib
- name: github.com/stretchr/testify
  version: f35b8ab0b5a2cef36673838d662e249dd9c94686
  subpackages:
  - assert
  - require
- name: github.com/wadey/gocovmerge
  version: b5bfa59ec0adc420475f97f89b58045c721d761c
- name: go.uber.org/tools
  version: ce2550dad7144b81ae2f67dc5e55597643f6902b
  subpackages:
  - update-license
- name: golang.org/x/lint
  version: 06c8688daad7faa9da5a0c2f163a3d14aac986ca
  repo: https://github.com/golang/lint
- name: golang.org/x/tools
  version: 3c07937fe18c27668fd78bbaed3d6b8b39e202ea
  subpackages:
  - cmd/cover
- name: honnef.co/go/tools
  version: 88497007e8588ea5b6baee991f74a1607e809487
  subpackages:
  - cmd/staticcheck
  - cmd/unused
