hash: 5cf950ed3c5b236f5dd3e6071c2af4ed4f45505577bf979963b56e88b8208627
updated: 2018-04-24T15:58:59.418159873+02:00
imports:
- name: github.com/beorn7/perks
  version: 3a771d992973f24aa725d07868b467d1ddfceafb
  subpackages:
  - quantile
- name: github.com/cpuguy83/go-md2man
  version: 48d8747a2ca13185e7cc8efe6e9fc196a83f71a5
  subpackages:
  - md2man
- name: github.com/emicklei/proto
  version: ff6be386c301eb22b1d738ffe54727e3a51d9bdb
- name: github.com/facebookgo/clock
  version: 600d898af40aa09a7a93ecb9265d87b0504b6f03
- name: github.com/fullstorydev/grpcurl
  version: ca5693f42cec84648010662ab404d66127bc5bf1
- name: github.com/gogo/protobuf
  version: 342cbe0a04158f6dcb03ca0079991a51a4248c02
  subpackages:
  - jsonpb
  - proto
  - protoc-gen-gogoslick
  - sortkeys
  - types
- name: github.com/golang/protobuf
  version: e09c5db296004fbe3f74490e84dcd62c3c5ddb1b
  subpackages:
  - jsonpb
  - proto
  - protoc-gen-go
  - protoc-gen-go/descriptor
  - ptypes
  - ptypes/any
  - ptypes/duration
  - ptypes/empty
  - ptypes/struct
  - ptypes/timestamp
  - ptypes/wrappers
- name: github.com/grpc-ecosystem/grpc-gateway
  version: e8bd377da7395186f2f042ee6b366fa5a11d2b39
  subpackages:
  - runtime
  - runtime/internal
  - utilities
- name: github.com/inconshreveable/mousetrap
  version: 76626ae9c91c4f2a10f34cad8ce83ea42c93bb75
- name: github.com/jhump/protoreflect
  version: 5cc2142026378ce11af191cffef661ec20dc6384
  subpackages:
  - desc
  - desc/internal
  - dynamic
  - dynamic/grpcdynamic
  - grpcreflect
  - internal
- name: github.com/matttproud/golang_protobuf_extensions
  version: c12348ce28de40eed0136aa2b644d0ee0650e56c
  subpackages:
  - pbutil
- name: github.com/opentracing/opentracing-go
  version: 1949ddbfd147afd4d964a9f00b24eb291e0e7c38
  subpackages:
  - ext
  - log
- name: github.com/prometheus/client_golang
  version: c5b7fccd204277076155f10851dad72b76a49317
  subpackages:
  - prometheus
  - prometheus/promhttp
- name: github.com/prometheus/client_model
  version: 99fa1f4be8e564e8a6b613da7fa6f46c9edafc6c
  subpackages:
  - go
- name: github.com/prometheus/common
  version: e5b036cc37a466a0af27d604d1ee500211d16d6a
  subpackages:
  - expfmt
  - internal/bitbucket.org/ww/goautoneg
  - model
- name: github.com/prometheus/procfs
  version: 8b1c2da0d56deffdbb9e48d4414b4e674bd8083e
  subpackages:
  - internal/util
  - nfs
  - xfs
- name: github.com/russross/blackfriday
  version: 55d61fa8aa702f59229e6cff85793c22e580eaf5
- name: github.com/spf13/cobra
  version: 7ee208b09f12c42bb7f5b0e14cd071706ee17993
  subpackages:
  - doc
- name: github.com/spf13/pflag
  version: 583c0c0531f06d5278b7d917446061adc344b5cd
- name: github.com/uber-go/atomic
  version: 8474b86a5a6f79c443ce4b2992817ff32cf208b8
  subpackages:
  - utils
- name: github.com/uber-go/tally
  version: 522328b48efad0c6034dba92bf39228694e9d31f
- name: github.com/uber/tchannel-go
  version: cc0c40929b0dbdb755b727a8c253de2b5d4af46b
  subpackages:
  - internal/argreader
  - relay
  - tnet
  - tos
  - trand
  - typed
- name: go.uber.org/atomic
  version: 8474b86a5a6f79c443ce4b2992817ff32cf208b8
- name: go.uber.org/dig
  version: 15c67344e48b1b3317399a647b0ec0069c34321d
  subpackages:
  - internal/digreflect
- name: go.uber.org/fx
  version: ed7e99834c0a7099c6cb6434fe5a7b007ac00db9
  subpackages:
  - internal/fxlog
  - internal/fxreflect
  - internal/lifecycle
- name: go.uber.org/multierr
  version: 3c4937480c32f4c13a875a1829af76c98ca3d40a
- name: go.uber.org/net/metrics
  version: 1e19de5b971489a45d178e12a0f72a78c70e300e
  subpackages:
  - bucket
  - push
  - tallypush
- name: go.uber.org/thriftrw
  version: 43dfafd7bb1c99f0460d645a1959b73f6dfa536f
  subpackages:
  - version
- name: go.uber.org/yarpc
  version: fda61a0e595df6082db1e318df658917dec8e3e9
  subpackages:
  - api/encoding
  - api/middleware
  - api/transport
  - encoding/protobuf
  - internal
  - internal/bufferpool
  - internal/digester
  - internal/errorsync
  - internal/humanize
  - internal/inboundmiddleware
  - internal/introspection
  - internal/observability
  - internal/outboundmiddleware
  - internal/request
  - pkg/encoding
  - pkg/errors
  - pkg/lifecycle
  - pkg/procedure
  - yarpcerrors
- name: go.uber.org/zap
  version: eeedf312bc6c57391d84767a4cd413f02a917974
  subpackages:
  - buffer
  - internal/bufferpool
  - internal/color
  - internal/exit
  - zapcore
- name: golang.org/x/net
  version: 5f9ae10d9af5b1c89ae6904293b14b064d4ada23
  subpackages:
  - bpf
  - context
  - http/httpguts
  - http2
  - http2/hpack
  - idna
  - internal/iana
  - internal/socket
  - internal/timeseries
  - ipv4
  - ipv6
  - lex/httplex
  - trace
- name: golang.org/x/text
  version: 7922cc490dd5a7dbaa7fd5d6196b49db59ac042f
  subpackages:
  - secure/bidirule
  - transform
  - unicode/bidi
  - unicode/norm
- name: google.golang.org/genproto
  version: 7fd901a49ba6a7f87732eb344f6e3c5b19d1b200
  subpackages:
  - googleapis/api/annotations
  - googleapis/rpc/status
- name: google.golang.org/grpc
  version: 4166ea7dad0fc934a2bb0b99eb0750f8e3d3400f
  repo: https://github.com/grpc/grpc-go
  subpackages:
  - balancer
  - balancer/base
  - balancer/roundrobin
  - channelz
  - codes
  - connectivity
  - credentials
  - encoding
  - encoding/proto
  - grpclb/grpc_lb_v1/messages
  - grpclog
  - internal
  - keepalive
  - metadata
  - naming
  - peer
  - reflection/grpc_reflection_v1alpha
  - resolver
  - resolver/dns
  - resolver/passthrough
  - stats
  - status
  - tap
  - transport
- name: gopkg.in/yaml.v2
  version: 5420a8b6744d3b0345ab293f6fcba19c978f1183
testImports:
- name: github.com/davecgh/go-spew
  version: 8991bc29aa16c548c550c7ff78260e27b9ab7c73
  subpackages:
  - spew
- name: github.com/golang/glog
  version: 23def4e6c14b4da8ac2ed8007337bc5eb5007998
- name: github.com/golang/lint
  version: 85993ffd0a6cd043291f3f63d45d656d97b165bd
  subpackages:
  - golint
- name: github.com/kisielk/errcheck
  version: 8050dd7cc11578becd8622667107bb21a7baf451
- name: github.com/kisielk/gotool
  version: 80517062f582ea3340cd4baf70e86d539ae7d84d
- name: github.com/pmezard/go-difflib
  version: 792786c7400a136282c1664665ae0a8db921c6c2
  subpackages:
  - difflib
- name: github.com/stretchr/testify
  version: c679ae2cc0cb27ec3293fea7e254e47386f05d69
  subpackages:
  - assert
  - require
- name: github.com/wadey/gocovmerge
  version: b5bfa59ec0adc420475f97f89b58045c721d761c
- name: go.uber.org/tools
  version: ce2550dad7144b81ae2f67dc5e55597643f6902b
  subpackages:
  - update-license
- name: golang.org/x/tools
  version: c1def519f03ddf76f16b3e444ee1095d73afa01b
  subpackages:
  - cmd/cover
- name: honnef.co/go/tools
  version: 57ee65dc7ff868f8fe21064b05f9e744a73bc9ab
  subpackages:
  - cmd/staticcheck
  - cmd/unused
