# This file is autogenerated, do not edit; changes may be undone by the next 'dep ensure'.


[[projects]]
  branch = "master"
  digest = "1:c0bec5f9b98d0bc872ff5e834fac186b807b656683bd29cb82fb207a1513fabb"
  name = "github.com/beorn7/perks"
  packages = ["quantile"]
  pruneopts = ""
  revision = "3a771d992973f24aa725d07868b467d1ddfceafb"

[[projects]]
  digest = "1:982e2547680f9fd2212c6443ab73ea84eef40ee1cdcecb61d997de838445214c"
  name = "github.com/cpuguy83/go-md2man"
  packages = ["md2man"]
  pruneopts = ""
  revision = "20f5889cbdc3c73dbd2862796665e7c465ade7d1"
  version = "v1.0.8"

[[projects]]
  digest = "1:0deddd908b6b4b768cfc272c16ee61e7088a60f7fe2f06c547bd3d8e1f8b8e77"
  name = "github.com/davecgh/go-spew"
  packages = ["spew"]
  pruneopts = ""
  revision = "8991bc29aa16c548c550c7ff78260e27b9ab7c73"
  version = "v1.1.1"

[[projects]]
  digest = "1:705be935aaa5909d8603236d539948c303da6712339a625294c31db3d53737e2"
  name = "github.com/emicklei/proto"
  packages = ["."]
  pruneopts = ""
  revision = "31ca1a37608053a92355be293b13f08fe25e526e"

[[projects]]
  digest = "1:56cea09a633a117b1eaf1edd0d9b7ac889ea2594a09b948f8d11a3a4c9982081"
  name = "github.com/fullstorydev/grpcurl"
  packages = ["."]
  pruneopts = ""
  revision = "0f9e76c978f8efd6d87177e6c5bd3d9041735d8f"
  version = "v1.1.0"

[[projects]]
  digest = "1:b13707423743d41665fd23f0c36b2f37bb49c30e94adb813319c44188a51ba22"
  name = "github.com/ghodss/yaml"
  packages = ["."]
  pruneopts = ""
  revision = "0ca9ea5df5451ffdf184b4428c902747c2c11cd7"

[[projects]]
  digest = "1:527e1e468c5586ef2645d143e9f5fbd50b4fe5abc8b1e25d9f1c416d22d24895"
  name = "github.com/gogo/protobuf"
  packages = [
    "jsonpb",
    "proto",
    "protoc-gen-gogo/descriptor",
    "protoc-gen-gogo/plugin",
    "sortkeys",
    "types",
  ]
  pruneopts = ""
  revision = "4cbf7e384e768b4e01799441fdf2a706a5635ae7"
  version = "v1.2.0"

[[projects]]
  digest = "1:107b233e45174dbab5b1324201d092ea9448e58243ab9f039e4c0f332e121e3a"
  name = "github.com/golang/glog"
  packages = ["."]
  pruneopts = ""
  revision = "23def4e6c14b4da8ac2ed8007337bc5eb5007998"

[[projects]]
  branch = "travis-1.9"
  digest = "1:d45f5fe0f8bf6cd0bc592502e7e8ec647d769e55387fe326eb624d67282a7d15"
  name = "github.com/golang/lint"
  packages = [
    ".",
    "golint",
  ]
  pruneopts = ""
  revision = "883fe33ffc4344bad1ecd881f61afd5ec5d80e0a"

[[projects]]
  digest = "1:3dd078fda7500c341bc26cfbc6c6a34614f295a2457149fc1045cab767cbcf18"
  name = "github.com/golang/protobuf"
  packages = [
    "jsonpb",
    "proto",
    "protoc-gen-go/descriptor",
    "protoc-gen-go/generator",
    "protoc-gen-go/generator/internal/remap",
    "protoc-gen-go/plugin",
    "ptypes",
    "ptypes/any",
    "ptypes/duration",
    "ptypes/empty",
    "ptypes/struct",
    "ptypes/timestamp",
    "ptypes/wrappers",
  ]
  pruneopts = ""
  revision = "aa810b61a9c79d51363740d207bb46cf8e620ed5"
  version = "v1.2.0"

[[projects]]
  digest = "1:dc70bd0ecd18729cf0ecf8828045e185ce0b15084f1bbe250422ab65e6fcd79c"
  name = "github.com/grpc-ecosystem/grpc-gateway"
  packages = [
    "codegenerator",
    "protoc-gen-grpc-gateway",
    "protoc-gen-grpc-gateway/descriptor",
    "protoc-gen-grpc-gateway/generator",
    "protoc-gen-grpc-gateway/gengateway",
    "protoc-gen-grpc-gateway/httprule",
    "runtime",
    "runtime/internal",
    "utilities",
  ]
  pruneopts = ""
  revision = "aeab1d96e0f1368d243e2e5f526aa29d495517bb"
  version = "v1.5.1"

[[projects]]
  digest = "1:870d441fe217b8e689d7949fef6e43efbc787e50f200cb1e70dbca9204a1d6be"
  name = "github.com/inconshreveable/mousetrap"
  packages = ["."]
  pruneopts = ""
  revision = "76626ae9c91c4f2a10f34cad8ce83ea42c93bb75"
  version = "v1.0"

[[projects]]
  digest = "1:36cfbed4c7e5e175ca9320eaf1fb92b4c8419c55dc96073c0551900b8de1170e"
  name = "github.com/jhump/protoreflect"
  packages = [
    "desc",
    "desc/internal",
    "desc/protoparse",
    "desc/protoprint",
    "dynamic",
    "dynamic/grpcdynamic",
    "grpcreflect",
    "internal",
  ]
  pruneopts = ""
  revision = "f90aa080ba36727321f2bc4c61f2a282f756bfab"
  version = "v1.1.0"

[[projects]]
  digest = "1:a1839c8ed232871032f50a03a7005fea6e4bbedcc5d7191d0dae653bcd716137"
  name = "github.com/kisielk/errcheck"
  packages = [
    ".",
    "internal/errcheck",
  ]
  pruneopts = ""
  revision = "55d8f507faff4d6eddd0c41a3e713e2567fca4e5"
  version = "v1.1.0"

[[projects]]
  digest = "1:765270f95ea68ad2150f6143eb8b9c0c17b038a7e2255b46580674471af00e27"
  name = "github.com/kisielk/gotool"
  packages = [
    ".",
    "internal/load",
  ]
  pruneopts = ""
  revision = "80517062f582ea3340cd4baf70e86d539ae7d84d"
  version = "v1.0.0"

[[projects]]
  digest = "1:63722a4b1e1717be7b98fc686e0b30d5e7f734b9e93d7dee86293b6deab7ea28"
  name = "github.com/matttproud/golang_protobuf_extensions"
  packages = ["pbutil"]
  pruneopts = ""
  revision = "c12348ce28de40eed0136aa2b644d0ee0650e56c"
  version = "v1.0.1"

[[projects]]
  digest = "1:713b341855f1480e4baca1e7c5434e1d266441340685ecbde32d59bdc065fb3f"
  name = "github.com/mitchellh/go-wordwrap"
  packages = ["."]
  pruneopts = ""
  revision = "9e67c67572bc5dd02aef930e2b0ae3c02a4b5a5c"
  version = "v1.0.0"

[[projects]]
  digest = "1:78fb99d6011c2ae6c72f3293a83951311147b12b06a5ffa43abf750c4fab6ac5"
  name = "github.com/opentracing/opentracing-go"
  packages = [
    ".",
    "ext",
    "log",
  ]
  pruneopts = ""
  revision = "1949ddbfd147afd4d964a9f00b24eb291e0e7c38"
  version = "v1.0.2"

[[projects]]
  digest = "1:256484dbbcd271f9ecebc6795b2df8cad4c458dd0f5fd82a8c2fa0c29f233411"
  name = "github.com/pmezard/go-difflib"
  packages = ["difflib"]
  pruneopts = ""
  revision = "792786c7400a136282c1664665ae0a8db921c6c2"
  version = "v1.0.0"

[[projects]]
  digest = "1:6f218995d6a74636cfcab45ce03005371e682b4b9bee0e5eb0ccfd83ef85364f"
  name = "github.com/prometheus/client_golang"
  packages = [
    "prometheus",
    "prometheus/internal",
    "prometheus/promhttp",
  ]
  pruneopts = ""
  revision = "505eaef017263e299324067d40ca2c48f6a2cf50"
  version = "v0.9.2"

[[projects]]
  branch = "master"
  digest = "1:185cf55b1f44a1bf243558901c3f06efa5c64ba62cfdcbb1bf7bbe8c3fb68561"
  name = "github.com/prometheus/client_model"
  packages = ["go"]
  pruneopts = ""
  revision = "5c3871d89910bfb32f5fcab2aa4b9ec68e65a99f"

[[projects]]
  branch = "master"
  digest = "1:4c3c11c0cd3bb16e36fd94ed778a3136972459baa5e248989cbf8ed3e6b5a55e"
  name = "github.com/prometheus/common"
  packages = [
    "expfmt",
    "internal/bitbucket.org/ww/goautoneg",
    "model",
  ]
  pruneopts = ""
  revision = "67670fe90761d7ff18ec1d640135e53b9198328f"

[[projects]]
  branch = "master"
  digest = "1:2a434946be9f2f5498b2405a8607768aab439237ea13deff2edc59d9a44f8891"
  name = "github.com/prometheus/procfs"
  packages = [
    ".",
    "internal/util",
    "nfs",
    "xfs",
  ]
  pruneopts = ""
  revision = "1dc9a6cbc91aacc3e8b2d63db4d2e957a5394ac4"

[[projects]]
  digest = "1:2761e287c811d0948d47d0252b82281eca3801eb3c9d5f9530956643d5b9f430"
  name = "github.com/russross/blackfriday"
  packages = ["."]
  pruneopts = ""
  revision = "05f3235734ad95d0016f6a23902f06461fcf567a"
  version = "v1.5.2"

[[projects]]
  digest = "1:a1403cc8a94b8d7956ee5e9694badef0e7b051af289caad1cf668331e3ffa4f6"
  name = "github.com/spf13/cobra"
  packages = [
    ".",
    "doc",
  ]
  pruneopts = ""
  revision = "ef82de70bb3f60c65fb8eebacbb2d122ef517385"
  version = "v0.0.3"

[[projects]]
  digest = "1:cbaf13cdbfef0e4734ed8a7504f57fe893d471d62a35b982bf6fb3f036449a66"
  name = "github.com/spf13/pflag"
  packages = ["."]
  pruneopts = ""
  revision = "298182f68c66c05229eb03ac171abe6e309ee79a"
  version = "v1.0.3"

[[projects]]
  digest = "1:711eebe744c0151a9d09af2315f0bb729b2ec7637ef4c410fa90a18ef74b65b6"
  name = "github.com/stretchr/objx"
  packages = ["."]
  pruneopts = ""
  revision = "477a77ecc69700c7cdeb1fa9e129548e1c1c393c"
  version = "v0.1.1"

[[projects]]
  digest = "1:c587772fb8ad29ad4db67575dad25ba17a51f072ff18a22b4f0257a4d9c24f75"
  name = "github.com/stretchr/testify"
  packages = [
    ".",
    "assert",
    "http",
    "mock",
    "require",
  ]
  pruneopts = ""
  revision = "f35b8ab0b5a2cef36673838d662e249dd9c94686"
  version = "v1.2.2"

[[projects]]
  digest = "1:74f86c458e82e1c4efbab95233e0cf51b7cc02dc03193be9f62cd81224e10401"
  name = "github.com/uber-go/atomic"
  packages = ["."]
  pruneopts = ""
  revision = "1ea20fb1cbb1cc08cbd0d913a96dead89aa18289"
  version = "v1.3.2"

[[projects]]
  digest = "1:ee7dcf2893e4b2d42a03c0ace5a37573bb31b437c15706a40c51bb57fab2062f"
  name = "github.com/uber-go/tally"
  packages = ["."]
  pruneopts = ""
  revision = "ff17f3c43c065c3c2991f571e740eee43ea3a14a"
  version = "v3.3.7"

[[projects]]
  digest = "1:77f46778689fedd79da9d96257f925173645cd8ed9750445cbbe650a06369e9a"
  name = "github.com/uber/tchannel-go"
  packages = [
    ".",
    "internal/argreader",
    "relay",
    "tnet",
    "tos",
    "trand",
    "typed",
  ]
  pruneopts = ""
  revision = "162ecb0dc97845a0c42aae3899651dba111085e5"
  version = "v1.12.0"

[[projects]]
  branch = "master"
  digest = "1:7bff42fbbef28d0ef60138c92cb3872cacb035133b3cfa39e3ff2c43f1fc332e"
  name = "github.com/wadey/gocovmerge"
  packages = ["."]
  pruneopts = ""
  revision = "b5bfa59ec0adc420475f97f89b58045c721d761c"

[[projects]]
  digest = "1:74f86c458e82e1c4efbab95233e0cf51b7cc02dc03193be9f62cd81224e10401"
  name = "go.uber.org/atomic"
  packages = ["."]
  pruneopts = ""
  revision = "1ea20fb1cbb1cc08cbd0d913a96dead89aa18289"
  version = "v1.3.2"

[[projects]]
  digest = "1:b62f1086bc1ce2d7b9de6262389dec95bb2ff2718b0b129ef99b7e3bb03516c9"
  name = "go.uber.org/dig"
  packages = [
    ".",
    "internal/digreflect",
    "internal/dot",
  ]
  pruneopts = ""
  revision = "12c8adaa5e6a24ad02198588082d95582ee16e5b"
  version = "v1.6.0"

[[projects]]
  digest = "1:ef1cc57e2fa229c798ef502c5cd5e9c33205b372a70fa0279ac4dbb53742ac22"
  name = "go.uber.org/fx"
  packages = [
    ".",
    "internal/fxlog",
    "internal/fxreflect",
    "internal/lifecycle",
  ]
  pruneopts = ""
  revision = "9c82e1daccdcbd27387a1f044bd3dc6d3f878bf4"
  version = "v1.8.0"

[[projects]]
  digest = "1:22c7effcb4da0eacb2bb1940ee173fac010e9ef3c691f5de4b524d538bd980f5"
  name = "go.uber.org/multierr"
  packages = ["."]
  pruneopts = ""
  revision = "3c4937480c32f4c13a875a1829af76c98ca3d40a"
  version = "v1.1.0"

[[projects]]
  digest = "1:320b11edb503bbca6727a6e2d9bb67817c3e0c53780650cb4064142f22b4981a"
  name = "go.uber.org/net/metrics"
  packages = [
    ".",
    "bucket",
    "push",
    "tallypush",
  ]
  pruneopts = ""
  revision = "1e19de5b971489a45d178e12a0f72a78c70e300e"
  version = "v1.0.1"

[[projects]]
  digest = "1:dfb76e5ea41816c3f82fd8244a5988ae8117f9ec86b0bf31449078731542ccb1"
  name = "go.uber.org/thriftrw"
  packages = ["version"]
  pruneopts = ""
  revision = "f21741d67580a27b01451386c3998090905dc243"
  version = "v1.14.0"

[[projects]]
  branch = "master"
  digest = "1:f398baab3736ac096b6e134151a40bf07ee4797ecbe9613b3f4d7f172abd4eed"
  name = "go.uber.org/tools"
  packages = ["update-license"]
  pruneopts = ""
  revision = "ce2550dad7144b81ae2f67dc5e55597643f6902b"

[[projects]]
  digest = "1:4d719ec9cb839a90786303213cc47c4996a8f3fdd6ab55d4d1007bf5908aec05"
  name = "go.uber.org/yarpc"
  packages = [
    ".",
    "api/encoding",
    "api/middleware",
    "api/transport",
    "encoding/protobuf",
    "encoding/protobuf/protoc-gen-yarpc-go",
    "encoding/protobuf/protoc-gen-yarpc-go/internal/lib",
    "encoding/protobuf/reflection",
    "internal",
    "internal/bufferpool",
    "internal/digester",
    "internal/errorsync",
    "internal/humanize",
    "internal/inboundmiddleware",
    "internal/introspection",
    "internal/observability",
    "internal/outboundmiddleware",
    "internal/protoplugin",
    "internal/request",
    "pkg/encoding",
    "pkg/errors",
    "pkg/lifecycle",
    "pkg/procedure",
    "yarpcerrors",
  ]
  pruneopts = ""
  revision = "610484cec8d4c2c3fa34439fc91bcc8c60fa354c"
  version = "v1.35.2"

[[projects]]
  digest = "1:246f378f80fba6fcf0f191c486b6613265abd2bc0f2fa55a36b928c67352021e"
  name = "go.uber.org/zap"
  packages = [
    ".",
    "buffer",
    "internal/bufferpool",
    "internal/color",
    "internal/exit",
    "zapcore",
  ]
  pruneopts = ""
  revision = "ff33455a0e382e8a81d14dd7c922020b6b5e7982"
  version = "v1.9.1"

[[projects]]
  branch = "master"
  digest = "1:053024e8981dab276218a180e58f97034d06e8c4dd2e24c9365ad489104e1d90"
  name = "golang.org/x/lint"
  packages = ["."]
  pruneopts = ""
  revision = "8f45f776aaf18cebc8d65861cc70c33c60471952"

[[projects]]
  branch = "master"
  digest = "1:3b4532388bb9dfcc98530527160974cf5ec03120002887777516a98092725ba0"
  name = "golang.org/x/net"
  packages = [
    "bpf",
    "context",
    "http/httpguts",
    "http2",
    "http2/hpack",
    "idna",
    "internal/iana",
    "internal/socket",
    "internal/timeseries",
    "ipv4",
    "ipv6",
    "trace",
  ]
  pruneopts = ""
  revision = "e147a9138326bc0e9d4e179541ffd8af41cff8a9"

[[projects]]
  branch = "master"
  digest = "1:fb9c60108aa8a0c8571f568c05fe8f3be347cf30b6b05d86beda7d7223ff88c8"
  name = "golang.org/x/sys"
  packages = ["unix"]
  pruneopts = ""
  revision = "074acd46bca67915925527c07849494d115e7c43"

[[projects]]
  digest = "1:5acd3512b047305d49e8763eef7ba423901e85d5dd2fd1e71778a0ea8de10bd4"
  name = "golang.org/x/text"
  packages = [
    "collate",
    "collate/build",
    "internal/colltab",
    "internal/gen",
    "internal/tag",
    "internal/triegen",
    "internal/ucd",
    "language",
    "secure/bidirule",
    "transform",
    "unicode/bidi",
    "unicode/cldr",
    "unicode/norm",
    "unicode/rangetable",
  ]
  pruneopts = ""
  revision = "f21a4dfb5e38f5895301dc265a8def02365cc3d0"
  version = "v0.3.0"

[[projects]]
  branch = "master"
  digest = "1:130229e84e89b1fd0612e2739becbb36d231c47e78a672b1b56ab4eafc02530e"
  name = "golang.org/x/tools"
  packages = [
    "cmd/cover",
    "cover",
    "go/ast/astutil",
    "go/buildutil",
    "go/gcexportdata",
    "go/internal/cgo",
    "go/internal/gcimporter",
    "go/loader",
    "go/types/typeutil",
  ]
  pruneopts = ""
  revision = "d4971274fe382404aee0e8c163af974f2bf738e6"

[[projects]]
  digest = "1:3970150423e3f47a6d354b2868f7db632b665463755194aac1a30c4fb341be57"
  name = "google.golang.org/genproto"
  packages = [
    "googleapis/api/annotations",
    "googleapis/rpc/status",
    "protobuf/api",
    "protobuf/field_mask",
    "protobuf/ptype",
    "protobuf/source_context",
  ]
  pruneopts = ""
  revision = "383e8b2c3b9e36c4076b235b32537292176bae20"

[[projects]]
  digest = "1:d141efe4aaad714e3059c340901aab3147b6253e58c85dafbcca3dd8b0e88ad6"
  name = "google.golang.org/grpc"
  packages = [
    ".",
    "balancer",
    "balancer/base",
    "balancer/roundrobin",
    "binarylog/grpc_binarylog_v1",
    "codes",
    "connectivity",
    "credentials",
    "credentials/internal",
    "encoding",
    "encoding/proto",
    "grpclog",
    "internal",
    "internal/backoff",
    "internal/binarylog",
    "internal/channelz",
    "internal/envconfig",
    "internal/grpcrand",
    "internal/grpcsync",
    "internal/syscall",
    "internal/transport",
    "keepalive",
    "metadata",
    "naming",
    "peer",
    "reflection/grpc_reflection_v1alpha",
    "resolver",
    "resolver/dns",
    "resolver/passthrough",
    "stats",
    "status",
    "tap",
  ]
  pruneopts = ""
  revision = "df014850f6dee74ba2fc94874043a9f3f75fbfd8"
  version = "v1.17.0"

[[projects]]
  digest = "1:cedccf16b71e86db87a24f8d4c70b0a855872eb967cb906a66b95de56aefbd0d"
  name = "gopkg.in/yaml.v2"
  packages = ["."]
  pruneopts = ""
  revision = "51d6538a90f86fe93ac480b35f37b2be17fef232"
  version = "v2.2.2"

[[projects]]
  digest = "1:8735ec8c19cf427368d9d9d419d268ecc95ba8b0db9594d50d566803bd59f341"
  name = "honnef.co/go/tools"
  packages = [
    "callgraph",
    "callgraph/static",
    "cmd/staticcheck",
    "cmd/unused",
    "deprecated",
    "functions",
    "internal/sharedcheck",
    "lint",
    "lint/lintutil",
    "ssa",
    "ssa/ssautil",
    "staticcheck",
    "staticcheck/vrp",
    "unused",
    "version",
  ]
  pruneopts = ""
  revision = "d73ab98e7c39fdcf9ba65062e43d34310f198353"
  version = "2017.2.2"

[solve-meta]
  analyzer-name = "dep"
  analyzer-version = 1
  input-imports = [
    "github.com/emicklei/proto",
    "github.com/fullstorydev/grpcurl",
    "github.com/gogo/protobuf/proto",
    "github.com/gogo/protobuf/sortkeys",
    "github.com/gogo/protobuf/types",
    "github.com/golang/lint/golint",
    "github.com/golang/protobuf/jsonpb",
    "github.com/golang/protobuf/proto",
    "github.com/golang/protobuf/protoc-gen-go/descriptor",
    "github.com/grpc-ecosystem/grpc-gateway/protoc-gen-grpc-gateway",
    "github.com/grpc-ecosystem/grpc-gateway/runtime",
    "github.com/grpc-ecosystem/grpc-gateway/utilities",
    "github.com/jhump/protoreflect/desc",
    "github.com/jhump/protoreflect/dynamic",
    "github.com/kisielk/errcheck",
    "github.com/mitchellh/go-wordwrap",
    "github.com/spf13/cobra",
    "github.com/spf13/cobra/doc",
    "github.com/spf13/pflag",
    "github.com/stretchr/testify",
    "github.com/stretchr/testify/assert",
    "github.com/stretchr/testify/require",
    "github.com/wadey/gocovmerge",
    "go.uber.org/fx",
    "go.uber.org/multierr",
    "go.uber.org/tools/update-license",
    "go.uber.org/yarpc",
    "go.uber.org/yarpc/api/transport",
    "go.uber.org/yarpc/encoding/protobuf",
    "go.uber.org/yarpc/encoding/protobuf/protoc-gen-yarpc-go",
    "go.uber.org/yarpc/encoding/protobuf/reflection",
    "go.uber.org/zap",
    "go.uber.org/zap/zapcore",
    "golang.org/x/lint",
    "golang.org/x/net/context",
    "golang.org/x/tools/cmd/cover",
    "google.golang.org/genproto/googleapis/api/annotations",
    "google.golang.org/grpc",
    "google.golang.org/grpc/codes",
    "google.golang.org/grpc/grpclog",
    "google.golang.org/grpc/keepalive",
    "google.golang.org/grpc/metadata",
    "google.golang.org/grpc/status",
    "gopkg.in/yaml.v2",
    "honnef.co/go/tools/cmd/staticcheck",
    "honnef.co/go/tools/cmd/unused",
  ]
  solver-name = "gps-cdcl"
  solver-version = 1
